
Microsoft Visual Studio Solution File, Format Version 12.00
# Visual Studio Version 16
VisualStudioVersion = 16.0.30711.63
MinimumVisualStudioVersion = 10.0.40219.1
Project("{FAE04EC0-301F-11D3-BF4B-00C04F79EFBC}") = "BookApi", "BookApi\BookApi.csproj", "{43C9F0BD-B658-4768-BF71-53CE4CFED722}"
EndProject
Global
	GlobalSection(SolutionConfigurationPlatforms) = preSolution
		Debug|Any CPU = Debug|Any CPU
		Release|Any CPU = Release|Any CPU
	EndGlobalSection
	GlobalSection(ProjectConfigurationPlatforms) = postSolution
		{43C9F0BD-B658-4768-BF71-53CE4CFED722}.Debug|Any CPU.ActiveCfg = Debug|Any CPU
		{43C9F0BD-B658-4768-BF71-53CE4CFED722}.Debug|Any CPU.Build.0 = Debug|Any CPU
		{43C9F0BD-B658-4768-BF71-53CE4CFED722}.Release|Any CPU.ActiveCfg = Release|Any CPU
		{43C9F0BD-B658-4768-BF71-53CE4CFED722}.Release|Any CPU.Build.0 = Release|Any CPU
	EndGlobalSection
	GlobalSection(SolutionProperties) = preSolution
		HideSolutionNode = FALSE
	EndGlobalSection
	GlobalSection(ExtensibilityGlobals) = postSolution
		SolutionGuid = {036730CB-309C-4D33-9A17-034F66A41742}
	EndGlobalSection
EndGlobal
